// !$*UTF8*$!
{
	archiveVersion = 1;
	classes = {
	};
	objectVersion = 56;
	objects = {

/* Begin PBXBuildFile section */
		0A4D23712ACBF43200FF3520 /* LocationViewModel.swift in Sources */ = {isa = PBXBuildFile; fileRef = 0A4D23702ACBF43200FF3520 /* LocationViewModel.swift */; };
		0A4D23732ACBF58400FF3520 /* GetAllLocations.swift in Sources */ = {isa = PBXBuildFile; fileRef = 0A4D23722ACBF58400FF3520 /* GetAllLocations.swift */; };
		0A4D23762ACBF9C600FF3520 /* LocationCollectionViewCell.swift in Sources */ = {isa = PBXBuildFile; fileRef = 0A4D23752ACBF9C600FF3520 /* LocationCollectionViewCell.swift */; };
		0A4D23782ACC0A5200FF3520 /* LocationDetailsVC.swift in Sources */ = {isa = PBXBuildFile; fileRef = 0A4D23772ACC0A5200FF3520 /* LocationDetailsVC.swift */; };
		0A4D237B2ACC0E6400FF3520 /* LocationDetailsViewModel.swift in Sources */ = {isa = PBXBuildFile; fileRef = 0A4D237A2ACC0E6400FF3520 /* LocationDetailsViewModel.swift */; };
		0A4D23822ACC1C6E00FF3520 /* LocationDetailsCollectionViewCell.swift in Sources */ = {isa = PBXBuildFile; fileRef = 0A4D23812ACC1C6E00FF3520 /* LocationDetailsCollectionViewCell.swift */; };
		0A6B25402AC8174700EBD9E1 /* EpisodeViewModel.swift in Sources */ = {isa = PBXBuildFile; fileRef = 0A6B253F2AC8174700EBD9E1 /* EpisodeViewModel.swift */; };
		0A6B25442AC81E4D00EBD9E1 /* EpisodeCollectionViewCell.swift in Sources */ = {isa = PBXBuildFile; fileRef = 0A6B25432AC81E4D00EBD9E1 /* EpisodeCollectionViewCell.swift */; };
		0A6B25462AC8274200EBD9E1 /* GetAllEpisodes.swift in Sources */ = {isa = PBXBuildFile; fileRef = 0A6B25452AC8274200EBD9E1 /* GetAllEpisodes.swift */; };
		0A6B25492AC839F000EBD9E1 /* EpisodeDetailsVC.swift in Sources */ = {isa = PBXBuildFile; fileRef = 0A6B25482AC839F000EBD9E1 /* EpisodeDetailsVC.swift */; };
		0A6B254B2AC84C1200EBD9E1 /* EpisodeDetailsViewModel.swift in Sources */ = {isa = PBXBuildFile; fileRef = 0A6B254A2AC84C1200EBD9E1 /* EpisodeDetailsViewModel.swift */; };
		0A6B25512AC85AA600EBD9E1 /* EpisodeDetailsCollectionViewCell.swift in Sources */ = {isa = PBXBuildFile; fileRef = 0A6B25502AC85AA600EBD9E1 /* EpisodeDetailsCollectionViewCell.swift */; };
		0A6B25532AC85CEE00EBD9E1 /* DetailsSections.swift in Sources */ = {isa = PBXBuildFile; fileRef = 0A6B25522AC85CEE00EBD9E1 /* DetailsSections.swift */; };
		0A6B25552AC860DF00EBD9E1 /* DetailsCharacterCollectionViewCell.swift in Sources */ = {isa = PBXBuildFile; fileRef = 0A6B25542AC860DF00EBD9E1 /* DetailsCharacterCollectionViewCell.swift */; };
		0A6B25592AC86E0C00EBD9E1 /* DetailsHelper.swift in Sources */ = {isa = PBXBuildFile; fileRef = 0A6B25582AC86E0C00EBD9E1 /* DetailsHelper.swift */; };
		0A955A6E2AC37D030064D6AA /* Alamofire in Frameworks */ = {isa = PBXBuildFile; productRef = 0A955A6D2AC37D030064D6AA /* Alamofire */; };
		0A955A712AC37D270064D6AA /* AlamofireImage in Frameworks */ = {isa = PBXBuildFile; productRef = 0A955A702AC37D270064D6AA /* AlamofireImage */; };
		0A9F1CBC2AD1E9D20070D195 /* InfoModel.swift in Sources */ = {isa = PBXBuildFile; fileRef = 0A9F1CBB2AD1E9D20070D195 /* InfoModel.swift */; };
		0A9F1CC02AD211F80070D195 /* MainViewModel.swift in Sources */ = {isa = PBXBuildFile; fileRef = 0A9F1CBF2AD211F80070D195 /* MainViewModel.swift */; };
		0AB62A942AC6C7E800DFCC2A /* CellModel.swift in Sources */ = {isa = PBXBuildFile; fileRef = 0AB62A932AC6C7E800DFCC2A /* CellModel.swift */; };
		0ABFE2C62AD2A2090092018E /* UIHelper.swift in Sources */ = {isa = PBXBuildFile; fileRef = 0ABFE2C52AD2A2090092018E /* UIHelper.swift */; };
		0ACCE8F42AC8DF3100BD2401 /* LocationDetailsCharacterCellViewModel.swift in Sources */ = {isa = PBXBuildFile; fileRef = 0ACCE8F32AC8DF3100BD2401 /* LocationDetailsCharacterCellViewModel.swift */; };
		0ACDF5AE2AC4376600C30827 /* FooterLoadingCollectionReusableView.swift in Sources */ = {isa = PBXBuildFile; fileRef = 0ACDF5AD2AC4376600C30827 /* FooterLoadingCollectionReusableView.swift */; };
		0ADDF31E2AC2D17000C8A4A5 /* CharacterViewModel.swift in Sources */ = {isa = PBXBuildFile; fileRef = 0ADDF31D2AC2D17000C8A4A5 /* CharacterViewModel.swift */; };
		0ADDF3242AC2DF3700C8A4A5 /* SnapKit in Frameworks */ = {isa = PBXBuildFile; productRef = 0ADDF3232AC2DF3700C8A4A5 /* SnapKit */; };
		0ADDF3272AC2E8A200C8A4A5 /* CGFloat+Ext.swift in Sources */ = {isa = PBXBuildFile; fileRef = 0ADDF3262AC2E8A200C8A4A5 /* CGFloat+Ext.swift */; };
		0ADDF32A2AC2F2AC00C8A4A5 /* CharacterCollectionViewCell.swift in Sources */ = {isa = PBXBuildFile; fileRef = 0ADDF3292AC2F2AC00C8A4A5 /* CharacterCollectionViewCell.swift */; };
		0ADDF32C2AC2FB3700C8A4A5 /* UIView+Ext.swift in Sources */ = {isa = PBXBuildFile; fileRef = 0ADDF32B2AC2FB3700C8A4A5 /* UIView+Ext.swift */; };
		0AE5D88E2AC5B3FA00F2ADAA /* CharacterDetailsPhotoCollectionViewCell.swift in Sources */ = {isa = PBXBuildFile; fileRef = 0AE5D88D2AC5B3FA00F2ADAA /* CharacterDetailsPhotoCollectionViewCell.swift */; };
		0AE5D8902AC5B40B00F2ADAA /* CharacterDetailsInformationCollectionViewCell.swift in Sources */ = {isa = PBXBuildFile; fileRef = 0AE5D88F2AC5B40B00F2ADAA /* CharacterDetailsInformationCollectionViewCell.swift */; };
		0AEC98C32AC202B600927FB6 /* AppDelegate.swift in Sources */ = {isa = PBXBuildFile; fileRef = 0AEC98C22AC202B600927FB6 /* AppDelegate.swift */; };
		0AEC98C52AC202B600927FB6 /* SceneDelegate.swift in Sources */ = {isa = PBXBuildFile; fileRef = 0AEC98C42AC202B600927FB6 /* SceneDelegate.swift */; };
		0AEC98C72AC202B600927FB6 /* TabbarVC.swift in Sources */ = {isa = PBXBuildFile; fileRef = 0AEC98C62AC202B600927FB6 /* TabbarVC.swift */; };
		0AEC98CC2AC202B700927FB6 /* Assets.xcassets in Resources */ = {isa = PBXBuildFile; fileRef = 0AEC98CB2AC202B700927FB6 /* Assets.xcassets */; };
		0AEC98CF2AC202B700927FB6 /* LaunchScreen.storyboard in Resources */ = {isa = PBXBuildFile; fileRef = 0AEC98CD2AC202B700927FB6 /* LaunchScreen.storyboard */; };
		0AEC98DC2AC20B9C00927FB6 /* CharacterVC.swift in Sources */ = {isa = PBXBuildFile; fileRef = 0AEC98DB2AC20B9C00927FB6 /* CharacterVC.swift */; };
		0AEC98DE2AC20BB200927FB6 /* LocationVC.swift in Sources */ = {isa = PBXBuildFile; fileRef = 0AEC98DD2AC20BB200927FB6 /* LocationVC.swift */; };
		0AEC98E02AC20BCA00927FB6 /* EpisodeVC.swift in Sources */ = {isa = PBXBuildFile; fileRef = 0AEC98DF2AC20BCA00927FB6 /* EpisodeVC.swift */; };
		0AEC98E22AC20BE000927FB6 /* SettingsVC.swift in Sources */ = {isa = PBXBuildFile; fileRef = 0AEC98E12AC20BE000927FB6 /* SettingsVC.swift */; };
		0AEC98E52AC216B600927FB6 /* EndpointEnum.swift in Sources */ = {isa = PBXBuildFile; fileRef = 0AEC98E42AC216B600927FB6 /* EndpointEnum.swift */; };
		0AEC98E72AC216DD00927FB6 /* Service.swift in Sources */ = {isa = PBXBuildFile; fileRef = 0AEC98E62AC216DD00927FB6 /* Service.swift */; };
		0AEC98EC2AC21F5300927FB6 /* Character.swift in Sources */ = {isa = PBXBuildFile; fileRef = 0AEC98EB2AC21F5300927FB6 /* Character.swift */; };
		0AEC98EE2AC2207D00927FB6 /* Location.swift in Sources */ = {isa = PBXBuildFile; fileRef = 0AEC98ED2AC2207D00927FB6 /* Location.swift */; };
		0AEC98F02AC220DD00927FB6 /* Episode.swift in Sources */ = {isa = PBXBuildFile; fileRef = 0AEC98EF2AC220DD00927FB6 /* Episode.swift */; };
		0AEC98F22AC23B9100927FB6 /* ApiConstants.swift in Sources */ = {isa = PBXBuildFile; fileRef = 0AEC98F12AC23B9100927FB6 /* ApiConstants.swift */; };
		0AEC98F62AC2461100927FB6 /* GetAllCharacters.swift in Sources */ = {isa = PBXBuildFile; fileRef = 0AEC98F52AC2461100927FB6 /* GetAllCharacters.swift */; };
		0AFEB92F2AC4B9DA009C971F /* CharacterDetailsVC.swift in Sources */ = {isa = PBXBuildFile; fileRef = 0AFEB92E2AC4B9DA009C971F /* CharacterDetailsVC.swift */; };
		0AFEB9322AC4BA06009C971F /* CharacterDetailsViewModel.swift in Sources */ = {isa = PBXBuildFile; fileRef = 0AFEB9312AC4BA06009C971F /* CharacterDetailsViewModel.swift */; };
/* End PBXBuildFile section */

/* Begin PBXFileReference section */
		0A4D23702ACBF43200FF3520 /* LocationViewModel.swift */ = {isa = PBXFileReference; lastKnownFileType = sourcecode.swift; path = LocationViewModel.swift; sourceTree = "<group>"; };
		0A4D23722ACBF58400FF3520 /* GetAllLocations.swift */ = {isa = PBXFileReference; lastKnownFileType = sourcecode.swift; path = GetAllLocations.swift; sourceTree = "<group>"; };
		0A4D23752ACBF9C600FF3520 /* LocationCollectionViewCell.swift */ = {isa = PBXFileReference; lastKnownFileType = sourcecode.swift; path = LocationCollectionViewCell.swift; sourceTree = "<group>"; };
		0A4D23772ACC0A5200FF3520 /* LocationDetailsVC.swift */ = {isa = PBXFileReference; lastKnownFileType = sourcecode.swift; path = LocationDetailsVC.swift; sourceTree = "<group>"; };
		0A4D237A2ACC0E6400FF3520 /* LocationDetailsViewModel.swift */ = {isa = PBXFileReference; lastKnownFileType = sourcecode.swift; path = LocationDetailsViewModel.swift; sourceTree = "<group>"; };
		0A4D23812ACC1C6E00FF3520 /* LocationDetailsCollectionViewCell.swift */ = {isa = PBXFileReference; lastKnownFileType = sourcecode.swift; path = LocationDetailsCollectionViewCell.swift; sourceTree = "<group>"; };
		0A6B253F2AC8174700EBD9E1 /* EpisodeViewModel.swift */ = {isa = PBXFileReference; lastKnownFileType = sourcecode.swift; path = EpisodeViewModel.swift; sourceTree = "<group>"; };
		0A6B25432AC81E4D00EBD9E1 /* EpisodeCollectionViewCell.swift */ = {isa = PBXFileReference; lastKnownFileType = sourcecode.swift; path = EpisodeCollectionViewCell.swift; sourceTree = "<group>"; };
		0A6B25452AC8274200EBD9E1 /* GetAllEpisodes.swift */ = {isa = PBXFileReference; lastKnownFileType = sourcecode.swift; path = GetAllEpisodes.swift; sourceTree = "<group>"; };
		0A6B25482AC839F000EBD9E1 /* EpisodeDetailsVC.swift */ = {isa = PBXFileReference; lastKnownFileType = sourcecode.swift; path = EpisodeDetailsVC.swift; sourceTree = "<group>"; };
		0A6B254A2AC84C1200EBD9E1 /* EpisodeDetailsViewModel.swift */ = {isa = PBXFileReference; lastKnownFileType = sourcecode.swift; path = EpisodeDetailsViewModel.swift; sourceTree = "<group>"; };
		0A6B25502AC85AA600EBD9E1 /* EpisodeDetailsCollectionViewCell.swift */ = {isa = PBXFileReference; lastKnownFileType = sourcecode.swift; path = EpisodeDetailsCollectionViewCell.swift; sourceTree = "<group>"; };
		0A6B25522AC85CEE00EBD9E1 /* DetailsSections.swift */ = {isa = PBXFileReference; lastKnownFileType = sourcecode.swift; path = DetailsSections.swift; sourceTree = "<group>"; };
		0A6B25542AC860DF00EBD9E1 /* DetailsCharacterCollectionViewCell.swift */ = {isa = PBXFileReference; lastKnownFileType = sourcecode.swift; path = DetailsCharacterCollectionViewCell.swift; sourceTree = "<group>"; };
		0A6B25582AC86E0C00EBD9E1 /* DetailsHelper.swift */ = {isa = PBXFileReference; lastKnownFileType = sourcecode.swift; path = DetailsHelper.swift; sourceTree = "<group>"; };
		0A9F1CBB2AD1E9D20070D195 /* InfoModel.swift */ = {isa = PBXFileReference; lastKnownFileType = sourcecode.swift; path = InfoModel.swift; sourceTree = "<group>"; };
		0A9F1CBF2AD211F80070D195 /* MainViewModel.swift */ = {isa = PBXFileReference; lastKnownFileType = sourcecode.swift; path = MainViewModel.swift; sourceTree = "<group>"; };
		0AB62A932AC6C7E800DFCC2A /* CellModel.swift */ = {isa = PBXFileReference; lastKnownFileType = sourcecode.swift; path = CellModel.swift; sourceTree = "<group>"; };
		0ABFE2C52AD2A2090092018E /* UIHelper.swift */ = {isa = PBXFileReference; lastKnownFileType = sourcecode.swift; path = UIHelper.swift; sourceTree = "<group>"; };
		0ACCE8F32AC8DF3100BD2401 /* LocationDetailsCharacterCellViewModel.swift */ = {isa = PBXFileReference; lastKnownFileType = sourcecode.swift; path = LocationDetailsCharacterCellViewModel.swift; sourceTree = "<group>"; };
		0ACDF5AD2AC4376600C30827 /* FooterLoadingCollectionReusableView.swift */ = {isa = PBXFileReference; lastKnownFileType = sourcecode.swift; path = FooterLoadingCollectionReusableView.swift; sourceTree = "<group>"; };
		0ADDF31D2AC2D17000C8A4A5 /* CharacterViewModel.swift */ = {isa = PBXFileReference; lastKnownFileType = sourcecode.swift; path = CharacterViewModel.swift; sourceTree = "<group>"; };
		0ADDF3262AC2E8A200C8A4A5 /* CGFloat+Ext.swift */ = {isa = PBXFileReference; lastKnownFileType = sourcecode.swift; path = "CGFloat+Ext.swift"; sourceTree = "<group>"; };
		0ADDF3292AC2F2AC00C8A4A5 /* CharacterCollectionViewCell.swift */ = {isa = PBXFileReference; lastKnownFileType = sourcecode.swift; path = CharacterCollectionViewCell.swift; sourceTree = "<group>"; };
		0ADDF32B2AC2FB3700C8A4A5 /* UIView+Ext.swift */ = {isa = PBXFileReference; lastKnownFileType = sourcecode.swift; path = "UIView+Ext.swift"; sourceTree = "<group>"; };
		0AE5D88D2AC5B3FA00F2ADAA /* CharacterDetailsPhotoCollectionViewCell.swift */ = {isa = PBXFileReference; lastKnownFileType = sourcecode.swift; path = CharacterDetailsPhotoCollectionViewCell.swift; sourceTree = "<group>"; };
		0AE5D88F2AC5B40B00F2ADAA /* CharacterDetailsInformationCollectionViewCell.swift */ = {isa = PBXFileReference; lastKnownFileType = sourcecode.swift; path = CharacterDetailsInformationCollectionViewCell.swift; sourceTree = "<group>"; };
		0AEC98BF2AC202B600927FB6 /* RickAndMortyApp.app */ = {isa = PBXFileReference; explicitFileType = wrapper.application; includeInIndex = 0; path = RickAndMortyApp.app; sourceTree = BUILT_PRODUCTS_DIR; };
		0AEC98C22AC202B600927FB6 /* AppDelegate.swift */ = {isa = PBXFileReference; lastKnownFileType = sourcecode.swift; path = AppDelegate.swift; sourceTree = "<group>"; };
		0AEC98C42AC202B600927FB6 /* SceneDelegate.swift */ = {isa = PBXFileReference; lastKnownFileType = sourcecode.swift; path = SceneDelegate.swift; sourceTree = "<group>"; };
		0AEC98C62AC202B600927FB6 /* TabbarVC.swift */ = {isa = PBXFileReference; lastKnownFileType = sourcecode.swift; path = TabbarVC.swift; sourceTree = "<group>"; };
		0AEC98CB2AC202B700927FB6 /* Assets.xcassets */ = {isa = PBXFileReference; lastKnownFileType = folder.assetcatalog; path = Assets.xcassets; sourceTree = "<group>"; };
		0AEC98CE2AC202B700927FB6 /* Base */ = {isa = PBXFileReference; lastKnownFileType = file.storyboard; name = Base; path = Base.lproj/LaunchScreen.storyboard; sourceTree = "<group>"; };
		0AEC98D02AC202B700927FB6 /* Info.plist */ = {isa = PBXFileReference; lastKnownFileType = text.plist.xml; path = Info.plist; sourceTree = "<group>"; };
		0AEC98DB2AC20B9C00927FB6 /* CharacterVC.swift */ = {isa = PBXFileReference; lastKnownFileType = sourcecode.swift; path = CharacterVC.swift; sourceTree = "<group>"; };
		0AEC98DD2AC20BB200927FB6 /* LocationVC.swift */ = {isa = PBXFileReference; lastKnownFileType = sourcecode.swift; path = LocationVC.swift; sourceTree = "<group>"; };
		0AEC98DF2AC20BCA00927FB6 /* EpisodeVC.swift */ = {isa = PBXFileReference; lastKnownFileType = sourcecode.swift; path = EpisodeVC.swift; sourceTree = "<group>"; };
		0AEC98E12AC20BE000927FB6 /* SettingsVC.swift */ = {isa = PBXFileReference; lastKnownFileType = sourcecode.swift; path = SettingsVC.swift; sourceTree = "<group>"; };
		0AEC98E42AC216B600927FB6 /* EndpointEnum.swift */ = {isa = PBXFileReference; lastKnownFileType = sourcecode.swift; path = EndpointEnum.swift; sourceTree = "<group>"; };
		0AEC98E62AC216DD00927FB6 /* Service.swift */ = {isa = PBXFileReference; lastKnownFileType = sourcecode.swift; path = Service.swift; sourceTree = "<group>"; };
		0AEC98EB2AC21F5300927FB6 /* Character.swift */ = {isa = PBXFileReference; lastKnownFileType = sourcecode.swift; path = Character.swift; sourceTree = "<group>"; };
		0AEC98ED2AC2207D00927FB6 /* Location.swift */ = {isa = PBXFileReference; lastKnownFileType = sourcecode.swift; path = Location.swift; sourceTree = "<group>"; };
		0AEC98EF2AC220DD00927FB6 /* Episode.swift */ = {isa = PBXFileReference; lastKnownFileType = sourcecode.swift; path = Episode.swift; sourceTree = "<group>"; };
		0AEC98F12AC23B9100927FB6 /* ApiConstants.swift */ = {isa = PBXFileReference; lastKnownFileType = sourcecode.swift; path = ApiConstants.swift; sourceTree = "<group>"; };
		0AEC98F52AC2461100927FB6 /* GetAllCharacters.swift */ = {isa = PBXFileReference; lastKnownFileType = sourcecode.swift; path = GetAllCharacters.swift; sourceTree = "<group>"; };
		0AFEB92E2AC4B9DA009C971F /* CharacterDetailsVC.swift */ = {isa = PBXFileReference; lastKnownFileType = sourcecode.swift; path = CharacterDetailsVC.swift; sourceTree = "<group>"; };
		0AFEB9312AC4BA06009C971F /* CharacterDetailsViewModel.swift */ = {isa = PBXFileReference; lastKnownFileType = sourcecode.swift; path = CharacterDetailsViewModel.swift; sourceTree = "<group>"; };
/* End PBXFileReference section */

/* Begin PBXFrameworksBuildPhase section */
		0AEC98BC2AC202B600927FB6 /* Frameworks */ = {
			isa = PBXFrameworksBuildPhase;
			buildActionMask = 2147483647;
			files = (
				0ADDF3242AC2DF3700C8A4A5 /* SnapKit in Frameworks */,
				0A955A6E2AC37D030064D6AA /* Alamofire in Frameworks */,
				0A955A712AC37D270064D6AA /* AlamofireImage in Frameworks */,
			);
			runOnlyForDeploymentPostprocessing = 0;
		};
/* End PBXFrameworksBuildPhase section */

/* Begin PBXGroup section */
		0A4D23742ACBF9A300FF3520 /* Location */ = {
			isa = PBXGroup;
			children = (
				0A4D23752ACBF9C600FF3520 /* LocationCollectionViewCell.swift */,
			);
			path = Location;
			sourceTree = "<group>";
		};
		0A4D23802ACC1C1900FF3520 /* LocationDetails */ = {
			isa = PBXGroup;
			children = (
				0A4D23812ACC1C6E00FF3520 /* LocationDetailsCollectionViewCell.swift */,
			);
			path = LocationDetails;
			sourceTree = "<group>";
		};
		0A6B25412AC81E0400EBD9E1 /* Character */ = {
			isa = PBXGroup;
			children = (
				0ADDF3292AC2F2AC00C8A4A5 /* CharacterCollectionViewCell.swift */,
			);
			path = Character;
			sourceTree = "<group>";
		};
		0A6B25422AC81E2400EBD9E1 /* Episode */ = {
			isa = PBXGroup;
			children = (
				0A6B25432AC81E4D00EBD9E1 /* EpisodeCollectionViewCell.swift */,
			);
			path = Episode;
			sourceTree = "<group>";
		};
		0A6B254D2AC85A6200EBD9E1 /* EpisodeDetails */ = {
			isa = PBXGroup;
			children = (
				0A6B25502AC85AA600EBD9E1 /* EpisodeDetailsCollectionViewCell.swift */,
			);
			path = EpisodeDetails;
			sourceTree = "<group>";
		};
		0A6B254E2AC85A7000EBD9E1 /* CharacterDetails */ = {
			isa = PBXGroup;
			children = (
				0AE5D88D2AC5B3FA00F2ADAA /* CharacterDetailsPhotoCollectionViewCell.swift */,
				0AE5D88F2AC5B40B00F2ADAA /* CharacterDetailsInformationCollectionViewCell.swift */,
			);
			path = CharacterDetails;
			sourceTree = "<group>";
		};
		0A9F1CB42AD1E8400070D195 /* LocationScreen */ = {
			isa = PBXGroup;
			children = (
				0AEC98DD2AC20BB200927FB6 /* LocationVC.swift */,
				0A4D23702ACBF43200FF3520 /* LocationViewModel.swift */,
			);
			path = LocationScreen;
			sourceTree = "<group>";
		};
		0A9F1CB52AD1E8540070D195 /* EpisodeScreen */ = {
			isa = PBXGroup;
			children = (
				0AEC98DF2AC20BCA00927FB6 /* EpisodeVC.swift */,
				0A6B253F2AC8174700EBD9E1 /* EpisodeViewModel.swift */,
			);
			path = EpisodeScreen;
			sourceTree = "<group>";
		};
		0A9F1CB62AD1E8830070D195 /* CharacterScreen */ = {
			isa = PBXGroup;
			children = (
				0ADDF31D2AC2D17000C8A4A5 /* CharacterViewModel.swift */,
				0AEC98DB2AC20B9C00927FB6 /* CharacterVC.swift */,
			);
			path = CharacterScreen;
			sourceTree = "<group>";
		};
		0A9F1CB72AD1E8910070D195 /* SettingsScreen */ = {
			isa = PBXGroup;
			children = (
				0AEC98E12AC20BE000927FB6 /* SettingsVC.swift */,
			);
			path = SettingsScreen;
			sourceTree = "<group>";
		};
		0A9F1CB82AD1E8BF0070D195 /* EpisodeDetailsScreen */ = {
			isa = PBXGroup;
			children = (
				0A6B25482AC839F000EBD9E1 /* EpisodeDetailsVC.swift */,
				0A6B254A2AC84C1200EBD9E1 /* EpisodeDetailsViewModel.swift */,
			);
			path = EpisodeDetailsScreen;
			sourceTree = "<group>";
		};
		0A9F1CB92AD1E9090070D195 /* LocationDetailsScreen */ = {
			isa = PBXGroup;
			children = (
				0A4D23772ACC0A5200FF3520 /* LocationDetailsVC.swift */,
				0ACCE8F32AC8DF3100BD2401 /* LocationDetailsCharacterCellViewModel.swift */,
				0A4D237A2ACC0E6400FF3520 /* LocationDetailsViewModel.swift */,
			);
			path = LocationDetailsScreen;
			sourceTree = "<group>";
		};
		0A9F1CBA2AD1E9700070D195 /* CharacterDetailsScreen */ = {
			isa = PBXGroup;
			children = (
				0AFEB9312AC4BA06009C971F /* CharacterDetailsViewModel.swift */,
				0AFEB92E2AC4B9DA009C971F /* CharacterDetailsVC.swift */,
			);
			path = CharacterDetailsScreen;
			sourceTree = "<group>";
		};
		0A9F1CBD2AD1F2A10070D195 /* Constants */ = {
			isa = PBXGroup;
			children = (
				0AEC98F12AC23B9100927FB6 /* ApiConstants.swift */,
			);
			path = Constants;
			sourceTree = "<group>";
		};
		0A9F1CBE2AD211D80070D195 /* Protocols */ = {
			isa = PBXGroup;
			children = (
				0A9F1CBF2AD211F80070D195 /* MainViewModel.swift */,
			);
			path = Protocols;
			sourceTree = "<group>";
		};
		0ADDF31F2AC2DC0C00C8A4A5 /* Helpers */ = {
			isa = PBXGroup;
			children = (
				0A6B25582AC86E0C00EBD9E1 /* DetailsHelper.swift */,
				0ABFE2C52AD2A2090092018E /* UIHelper.swift */,
			);
			path = Helpers;
			sourceTree = "<group>";
		};
		0ADDF3252AC2E89600C8A4A5 /* Extensions */ = {
			isa = PBXGroup;
			children = (
				0ADDF3262AC2E8A200C8A4A5 /* CGFloat+Ext.swift */,
				0ADDF32B2AC2FB3700C8A4A5 /* UIView+Ext.swift */,
			);
			path = Extensions;
			sourceTree = "<group>";
		};
		0ADDF3282AC2F28000C8A4A5 /* Views */ = {
			isa = PBXGroup;
			children = (
				0A4D23802ACC1C1900FF3520 /* LocationDetails */,
				0A4D23742ACBF9A300FF3520 /* Location */,
				0A6B254E2AC85A7000EBD9E1 /* CharacterDetails */,
				0A6B254D2AC85A6200EBD9E1 /* EpisodeDetails */,
				0A6B25422AC81E2400EBD9E1 /* Episode */,
				0A6B25412AC81E0400EBD9E1 /* Character */,
				0A6B25542AC860DF00EBD9E1 /* DetailsCharacterCollectionViewCell.swift */,
				0ACDF5AD2AC4376600C30827 /* FooterLoadingCollectionReusableView.swift */,
			);
			path = Views;
			sourceTree = "<group>";
		};
		0AEC98B62AC202B600927FB6 = {
			isa = PBXGroup;
			children = (
				0AEC98C12AC202B600927FB6 /* RickAndMortyApp */,
				0AEC98C02AC202B600927FB6 /* Products */,
			);
			sourceTree = "<group>";
		};
		0AEC98C02AC202B600927FB6 /* Products */ = {
			isa = PBXGroup;
			children = (
				0AEC98BF2AC202B600927FB6 /* RickAndMortyApp.app */,
			);
			name = Products;
			sourceTree = "<group>";
		};
		0AEC98C12AC202B600927FB6 /* RickAndMortyApp */ = {
			isa = PBXGroup;
			children = (
				0AEC98DA2AC20A7900927FB6 /* Support */,
				0AEC98D82AC2093300927FB6 /* Service */,
				0AEC98D92AC2093B00927FB6 /* Model */,
				0AEC98D72AC2092800927FB6 /* Utilities */,
				0ADDF3282AC2F28000C8A4A5 /* Views */,
				0AFEB92C2AC4B9B3009C971F /* Controllers */,
			);
			path = RickAndMortyApp;
			sourceTree = "<group>";
		};
		0AEC98D62AC2091300927FB6 /* Core */ = {
			isa = PBXGroup;
			children = (
				0A9F1CB72AD1E8910070D195 /* SettingsScreen */,
				0A9F1CB62AD1E8830070D195 /* CharacterScreen */,
				0A9F1CB52AD1E8540070D195 /* EpisodeScreen */,
				0A9F1CB42AD1E8400070D195 /* LocationScreen */,
				0AEC98C62AC202B600927FB6 /* TabbarVC.swift */,
			);
			path = Core;
			sourceTree = "<group>";
		};
		0AEC98D72AC2092800927FB6 /* Utilities */ = {
			isa = PBXGroup;
			children = (
				0A9F1CBE2AD211D80070D195 /* Protocols */,
				0A9F1CBD2AD1F2A10070D195 /* Constants */,
				0ADDF3252AC2E89600C8A4A5 /* Extensions */,
				0ADDF31F2AC2DC0C00C8A4A5 /* Helpers */,
				0AEC98E32AC2169C00927FB6 /* Enums */,
			);
			path = Utilities;
			sourceTree = "<group>";
		};
		0AEC98D82AC2093300927FB6 /* Service */ = {
			isa = PBXGroup;
			children = (
				0AEC98E62AC216DD00927FB6 /* Service.swift */,
			);
			path = Service;
			sourceTree = "<group>";
		};
		0AEC98D92AC2093B00927FB6 /* Model */ = {
			isa = PBXGroup;
			children = (
				0AEC98F42AC245FF00927FB6 /* ResponseType */,
				0AEC98F32AC245D600927FB6 /* DataType */,
			);
			path = Model;
			sourceTree = "<group>";
		};
		0AEC98DA2AC20A7900927FB6 /* Support */ = {
			isa = PBXGroup;
			children = (
				0AEC98D02AC202B700927FB6 /* Info.plist */,
				0AEC98C22AC202B600927FB6 /* AppDelegate.swift */,
				0AEC98C42AC202B600927FB6 /* SceneDelegate.swift */,
				0AEC98CB2AC202B700927FB6 /* Assets.xcassets */,
				0AEC98CD2AC202B700927FB6 /* LaunchScreen.storyboard */,
			);
			path = Support;
			sourceTree = "<group>";
		};
		0AEC98E32AC2169C00927FB6 /* Enums */ = {
			isa = PBXGroup;
			children = (
				0AEC98E42AC216B600927FB6 /* EndpointEnum.swift */,
				0A6B25522AC85CEE00EBD9E1 /* DetailsSections.swift */,
			);
			path = Enums;
			sourceTree = "<group>";
		};
		0AEC98F32AC245D600927FB6 /* DataType */ = {
			isa = PBXGroup;
			children = (
				0AEC98EB2AC21F5300927FB6 /* Character.swift */,
				0AEC98ED2AC2207D00927FB6 /* Location.swift */,
				0AEC98EF2AC220DD00927FB6 /* Episode.swift */,
				0AB62A932AC6C7E800DFCC2A /* CellModel.swift */,
			);
			path = DataType;
			sourceTree = "<group>";
		};
		0AEC98F42AC245FF00927FB6 /* ResponseType */ = {
			isa = PBXGroup;
			children = (
				0AEC98F52AC2461100927FB6 /* GetAllCharacters.swift */,
				0A6B25452AC8274200EBD9E1 /* GetAllEpisodes.swift */,
				0A4D23722ACBF58400FF3520 /* GetAllLocations.swift */,
				0A9F1CBB2AD1E9D20070D195 /* InfoModel.swift */,
			);
			path = ResponseType;
			sourceTree = "<group>";
		};
		0AFEB92C2AC4B9B3009C971F /* Controllers */ = {
			isa = PBXGroup;
			children = (
				0AFEB92D2AC4B9C2009C971F /* Others */,
				0AEC98D62AC2091300927FB6 /* Core */,
			);
			path = Controllers;
			sourceTree = "<group>";
		};
		0AFEB92D2AC4B9C2009C971F /* Others */ = {
			isa = PBXGroup;
			children = (
				0A9F1CBA2AD1E9700070D195 /* CharacterDetailsScreen */,
				0A9F1CB92AD1E9090070D195 /* LocationDetailsScreen */,
				0A9F1CB82AD1E8BF0070D195 /* EpisodeDetailsScreen */,
			);
			path = Others;
			sourceTree = "<group>";
		};
/* End PBXGroup section */

/* Begin PBXNativeTarget section */
		0AEC98BE2AC202B600927FB6 /* RickAndMortyApp */ = {
			isa = PBXNativeTarget;
			buildConfigurationList = 0AEC98D32AC202B700927FB6 /* Build configuration list for PBXNativeTarget "RickAndMortyApp" */;
			buildPhases = (
				0AEC98BB2AC202B600927FB6 /* Sources */,
				0AEC98BC2AC202B600927FB6 /* Frameworks */,
				0AEC98BD2AC202B600927FB6 /* Resources */,
			);
			buildRules = (
			);
			dependencies = (
			);
			name = RickAndMortyApp;
			packageProductDependencies = (
				0ADDF3232AC2DF3700C8A4A5 /* SnapKit */,
				0A955A6D2AC37D030064D6AA /* Alamofire */,
				0A955A702AC37D270064D6AA /* AlamofireImage */,
			);
			productName = RickAndMortyApp;
			productReference = 0AEC98BF2AC202B600927FB6 /* RickAndMortyApp.app */;
			productType = "com.apple.product-type.application";
		};
/* End PBXNativeTarget section */

/* Begin PBXProject section */
		0AEC98B72AC202B600927FB6 /* Project object */ = {
			isa = PBXProject;
			attributes = {
				BuildIndependentTargetsInParallel = 1;
				LastSwiftUpdateCheck = 1430;
				LastUpgradeCheck = 1430;
				TargetAttributes = {
					0AEC98BE2AC202B600927FB6 = {
						CreatedOnToolsVersion = 14.3.1;
					};
				};
			};
			buildConfigurationList = 0AEC98BA2AC202B600927FB6 /* Build configuration list for PBXProject "RickAndMortyApp" */;
			compatibilityVersion = "Xcode 14.0";
			developmentRegion = en;
			hasScannedForEncodings = 0;
			knownRegions = (
				en,
				Base,
			);
			mainGroup = 0AEC98B62AC202B600927FB6;
			packageReferences = (
				0ADDF3222AC2DF3700C8A4A5 /* XCRemoteSwiftPackageReference "SnapKit" */,
				0A955A6C2AC37D030064D6AA /* XCRemoteSwiftPackageReference "Alamofire" */,
				0A955A6F2AC37D270064D6AA /* XCRemoteSwiftPackageReference "AlamofireImage" */,
			);
			productRefGroup = 0AEC98C02AC202B600927FB6 /* Products */;
			projectDirPath = "";
			projectRoot = "";
			targets = (
				0AEC98BE2AC202B600927FB6 /* RickAndMortyApp */,
			);
		};
/* End PBXProject section */

/* Begin PBXResourcesBuildPhase section */
		0AEC98BD2AC202B600927FB6 /* Resources */ = {
			isa = PBXResourcesBuildPhase;
			buildActionMask = 2147483647;
			files = (
				0AEC98CF2AC202B700927FB6 /* LaunchScreen.storyboard in Resources */,
				0AEC98CC2AC202B700927FB6 /* Assets.xcassets in Resources */,
			);
			runOnlyForDeploymentPostprocessing = 0;
		};
/* End PBXResourcesBuildPhase section */

/* Begin PBXSourcesBuildPhase section */
		0AEC98BB2AC202B600927FB6 /* Sources */ = {
			isa = PBXSourcesBuildPhase;
			buildActionMask = 2147483647;
			files = (
				0A4D23822ACC1C6E00FF3520 /* LocationDetailsCollectionViewCell.swift in Sources */,
				0AEC98DE2AC20BB200927FB6 /* LocationVC.swift in Sources */,
				0AEC98C72AC202B600927FB6 /* TabbarVC.swift in Sources */,
				0ABFE2C62AD2A2090092018E /* UIHelper.swift in Sources */,
				0A6B254B2AC84C1200EBD9E1 /* EpisodeDetailsViewModel.swift in Sources */,
				0A4D23712ACBF43200FF3520 /* LocationViewModel.swift in Sources */,
				0A4D23732ACBF58400FF3520 /* GetAllLocations.swift in Sources */,
				0AEC98E02AC20BCA00927FB6 /* EpisodeVC.swift in Sources */,
				0AEC98F22AC23B9100927FB6 /* ApiConstants.swift in Sources */,
				0AB62A942AC6C7E800DFCC2A /* CellModel.swift in Sources */,
				0AFEB92F2AC4B9DA009C971F /* CharacterDetailsVC.swift in Sources */,
				0AEC98EC2AC21F5300927FB6 /* Character.swift in Sources */,
				0ADDF3272AC2E8A200C8A4A5 /* CGFloat+Ext.swift in Sources */,
				0AFEB9322AC4BA06009C971F /* CharacterDetailsViewModel.swift in Sources */,
				0ACDF5AE2AC4376600C30827 /* FooterLoadingCollectionReusableView.swift in Sources */,
				0AEC98E52AC216B600927FB6 /* EndpointEnum.swift in Sources */,
				0AEC98C32AC202B600927FB6 /* AppDelegate.swift in Sources */,
				0A4D237B2ACC0E6400FF3520 /* LocationDetailsViewModel.swift in Sources */,
				0A6B25512AC85AA600EBD9E1 /* EpisodeDetailsCollectionViewCell.swift in Sources */,
				0AEC98F62AC2461100927FB6 /* GetAllCharacters.swift in Sources */,
				0A6B25552AC860DF00EBD9E1 /* DetailsCharacterCollectionViewCell.swift in Sources */,
				0AE5D8902AC5B40B00F2ADAA /* CharacterDetailsInformationCollectionViewCell.swift in Sources */,
				0A6B25462AC8274200EBD9E1 /* GetAllEpisodes.swift in Sources */,
				0A6B25532AC85CEE00EBD9E1 /* DetailsSections.swift in Sources */,
				0A4D23762ACBF9C600FF3520 /* LocationCollectionViewCell.swift in Sources */,
				0A6B25592AC86E0C00EBD9E1 /* DetailsHelper.swift in Sources */,
				0A6B25492AC839F000EBD9E1 /* EpisodeDetailsVC.swift in Sources */,
				0AEC98F02AC220DD00927FB6 /* Episode.swift in Sources */,
				0ADDF32A2AC2F2AC00C8A4A5 /* CharacterCollectionViewCell.swift in Sources */,
				0A6B25402AC8174700EBD9E1 /* EpisodeViewModel.swift in Sources */,
				0AE5D88E2AC5B3FA00F2ADAA /* CharacterDetailsPhotoCollectionViewCell.swift in Sources */,
				0ADDF32C2AC2FB3700C8A4A5 /* UIView+Ext.swift in Sources */,
				0AEC98E72AC216DD00927FB6 /* Service.swift in Sources */,
				0A4D23782ACC0A5200FF3520 /* LocationDetailsVC.swift in Sources */,
				0A9F1CBC2AD1E9D20070D195 /* InfoModel.swift in Sources */,
				0AEC98DC2AC20B9C00927FB6 /* CharacterVC.swift in Sources */,
				0A6B25442AC81E4D00EBD9E1 /* EpisodeCollectionViewCell.swift in Sources */,
				0ACCE8F42AC8DF3100BD2401 /* LocationDetailsCharacterCellViewModel.swift in Sources */,
				0ADDF31E2AC2D17000C8A4A5 /* CharacterViewModel.swift in Sources */,
				0AEC98C52AC202B600927FB6 /* SceneDelegate.swift in Sources */,
				0AEC98EE2AC2207D00927FB6 /* Location.swift in Sources */,
				0AEC98E22AC20BE000927FB6 /* SettingsVC.swift in Sources */,
				0A9F1CC02AD211F80070D195 /* MainViewModel.swift in Sources */,
			);
			runOnlyForDeploymentPostprocessing = 0;
		};
/* End PBXSourcesBuildPhase section */

/* Begin PBXVariantGroup section */
		0AEC98CD2AC202B700927FB6 /* LaunchScreen.storyboard */ = {
			isa = PBXVariantGroup;
			children = (
				0AEC98CE2AC202B700927FB6 /* Base */,
			);
			name = LaunchScreen.storyboard;
			sourceTree = "<group>";
		};
/* End PBXVariantGroup section */

/* Begin XCBuildConfiguration section */
		0AEC98D12AC202B700927FB6 /* Debug */ = {
			isa = XCBuildConfiguration;
			buildSettings = {
				ALWAYS_SEARCH_USER_PATHS = NO;
				CLANG_ANALYZER_NONNULL = YES;
				CLANG_ANALYZER_NUMBER_OBJECT_CONVERSION = YES_AGGRESSIVE;
				CLANG_CXX_LANGUAGE_STANDARD = "gnu++20";
				CLANG_ENABLE_MODULES = YES;
				CLANG_ENABLE_OBJC_ARC = YES;
				CLANG_ENABLE_OBJC_WEAK = YES;
				CLANG_WARN_BLOCK_CAPTURE_AUTORELEASING = YES;
				CLANG_WARN_BOOL_CONVERSION = YES;
				CLANG_WARN_COMMA = YES;
				CLANG_WARN_CONSTANT_CONVERSION = YES;
				CLANG_WARN_DEPRECATED_OBJC_IMPLEMENTATIONS = YES;
				CLANG_WARN_DIRECT_OBJC_ISA_USAGE = YES_ERROR;
				CLANG_WARN_DOCUMENTATION_COMMENTS = YES;
				CLANG_WARN_EMPTY_BODY = YES;
				CLANG_WARN_ENUM_CONVERSION = YES;
				CLANG_WARN_INFINITE_RECURSION = YES;
				CLANG_WARN_INT_CONVERSION = YES;
				CLANG_WARN_NON_LITERAL_NULL_CONVERSION = YES;
				CLANG_WARN_OBJC_IMPLICIT_RETAIN_SELF = YES;
				CLANG_WARN_OBJC_LITERAL_CONVERSION = YES;
				CLANG_WARN_OBJC_ROOT_CLASS = YES_ERROR;
				CLANG_WARN_QUOTED_INCLUDE_IN_FRAMEWORK_HEADER = YES;
				CLANG_WARN_RANGE_LOOP_ANALYSIS = YES;
				CLANG_WARN_STRICT_PROTOTYPES = YES;
				CLANG_WARN_SUSPICIOUS_MOVE = YES;
				CLANG_WARN_UNGUARDED_AVAILABILITY = YES_AGGRESSIVE;
				CLANG_WARN_UNREACHABLE_CODE = YES;
				CLANG_WARN__DUPLICATE_METHOD_MATCH = YES;
				COPY_PHASE_STRIP = NO;
				DEBUG_INFORMATION_FORMAT = dwarf;
				ENABLE_STRICT_OBJC_MSGSEND = YES;
				ENABLE_TESTABILITY = YES;
				GCC_C_LANGUAGE_STANDARD = gnu11;
				GCC_DYNAMIC_NO_PIC = NO;
				GCC_NO_COMMON_BLOCKS = YES;
				GCC_OPTIMIZATION_LEVEL = 0;
				GCC_PREPROCESSOR_DEFINITIONS = (
					"DEBUG=1",
					"$(inherited)",
				);
				GCC_WARN_64_TO_32_BIT_CONVERSION = YES;
				GCC_WARN_ABOUT_RETURN_TYPE = YES_ERROR;
				GCC_WARN_UNDECLARED_SELECTOR = YES;
				GCC_WARN_UNINITIALIZED_AUTOS = YES_AGGRESSIVE;
				GCC_WARN_UNUSED_FUNCTION = YES;
				GCC_WARN_UNUSED_VARIABLE = YES;
				IPHONEOS_DEPLOYMENT_TARGET = 16.4;
				MTL_ENABLE_DEBUG_INFO = INCLUDE_SOURCE;
				MTL_FAST_MATH = YES;
				ONLY_ACTIVE_ARCH = YES;
				SDKROOT = iphoneos;
				SWIFT_ACTIVE_COMPILATION_CONDITIONS = DEBUG;
				SWIFT_OPTIMIZATION_LEVEL = "-Onone";
			};
			name = Debug;
		};
		0AEC98D22AC202B700927FB6 /* Release */ = {
			isa = XCBuildConfiguration;
			buildSettings = {
				ALWAYS_SEARCH_USER_PATHS = NO;
				CLANG_ANALYZER_NONNULL = YES;
				CLANG_ANALYZER_NUMBER_OBJECT_CONVERSION = YES_AGGRESSIVE;
				CLANG_CXX_LANGUAGE_STANDARD = "gnu++20";
				CLANG_ENABLE_MODULES = YES;
				CLANG_ENABLE_OBJC_ARC = YES;
				CLANG_ENABLE_OBJC_WEAK = YES;
				CLANG_WARN_BLOCK_CAPTURE_AUTORELEASING = YES;
				CLANG_WARN_BOOL_CONVERSION = YES;
				CLANG_WARN_COMMA = YES;
				CLANG_WARN_CONSTANT_CONVERSION = YES;
				CLANG_WARN_DEPRECATED_OBJC_IMPLEMENTATIONS = YES;
				CLANG_WARN_DIRECT_OBJC_ISA_USAGE = YES_ERROR;
				CLANG_WARN_DOCUMENTATION_COMMENTS = YES;
				CLANG_WARN_EMPTY_BODY = YES;
				CLANG_WARN_ENUM_CONVERSION = YES;
				CLANG_WARN_INFINITE_RECURSION = YES;
				CLANG_WARN_INT_CONVERSION = YES;
				CLANG_WARN_NON_LITERAL_NULL_CONVERSION = YES;
				CLANG_WARN_OBJC_IMPLICIT_RETAIN_SELF = YES;
				CLANG_WARN_OBJC_LITERAL_CONVERSION = YES;
				CLANG_WARN_OBJC_ROOT_CLASS = YES_ERROR;
				CLANG_WARN_QUOTED_INCLUDE_IN_FRAMEWORK_HEADER = YES;
				CLANG_WARN_RANGE_LOOP_ANALYSIS = YES;
				CLANG_WARN_STRICT_PROTOTYPES = YES;
				CLANG_WARN_SUSPICIOUS_MOVE = YES;
				CLANG_WARN_UNGUARDED_AVAILABILITY = YES_AGGRESSIVE;
				CLANG_WARN_UNREACHABLE_CODE = YES;
				CLANG_WARN__DUPLICATE_METHOD_MATCH = YES;
				COPY_PHASE_STRIP = NO;
				DEBUG_INFORMATION_FORMAT = "dwarf-with-dsym";
				ENABLE_NS_ASSERTIONS = NO;
				ENABLE_STRICT_OBJC_MSGSEND = YES;
				GCC_C_LANGUAGE_STANDARD = gnu11;
				GCC_NO_COMMON_BLOCKS = YES;
				GCC_WARN_64_TO_32_BIT_CONVERSION = YES;
				GCC_WARN_ABOUT_RETURN_TYPE = YES_ERROR;
				GCC_WARN_UNDECLARED_SELECTOR = YES;
				GCC_WARN_UNINITIALIZED_AUTOS = YES_AGGRESSIVE;
				GCC_WARN_UNUSED_FUNCTION = YES;
				GCC_WARN_UNUSED_VARIABLE = YES;
				IPHONEOS_DEPLOYMENT_TARGET = 16.4;
				MTL_ENABLE_DEBUG_INFO = NO;
				MTL_FAST_MATH = YES;
				SDKROOT = iphoneos;
				SWIFT_COMPILATION_MODE = wholemodule;
				SWIFT_OPTIMIZATION_LEVEL = "-O";
				VALIDATE_PRODUCT = YES;
			};
			name = Release;
		};
		0AEC98D42AC202B700927FB6 /* Debug */ = {
			isa = XCBuildConfiguration;
			buildSettings = {
				ASSETCATALOG_COMPILER_APPICON_NAME = AppIcon;
				ASSETCATALOG_COMPILER_GLOBAL_ACCENT_COLOR_NAME = AccentColor;
				CODE_SIGN_STYLE = Automatic;
				CURRENT_PROJECT_VERSION = 1;
				DEVELOPMENT_TEAM = F8U69W5MA6;
				GENERATE_INFOPLIST_FILE = YES;
				INFOPLIST_FILE = RickAndMortyApp/Support/Info.plist;
				INFOPLIST_KEY_UIApplicationSupportsIndirectInputEvents = YES;
				INFOPLIST_KEY_UILaunchStoryboardName = LaunchScreen;
				INFOPLIST_KEY_UISupportedInterfaceOrientations_iPad = "UIInterfaceOrientationPortrait UIInterfaceOrientationPortraitUpsideDown UIInterfaceOrientationLandscapeLeft UIInterfaceOrientationLandscapeRight";
				INFOPLIST_KEY_UISupportedInterfaceOrientations_iPhone = "UIInterfaceOrientationPortrait UIInterfaceOrientationLandscapeLeft UIInterfaceOrientationLandscapeRight";
				LD_RUNPATH_SEARCH_PATHS = (
					"$(inherited)",
					"@executable_path/Frameworks",
				);
				MARKETING_VERSION = 1.0;
				PRODUCT_BUNDLE_IDENTIFIER = com.abdulkerimcan.RickAndMortyApp;
				PRODUCT_NAME = "$(TARGET_NAME)";
				SWIFT_EMIT_LOC_STRINGS = YES;
				SWIFT_VERSION = 5.0;
				TARGETED_DEVICE_FAMILY = "1,2";
			};
			name = Debug;
		};
		0AEC98D52AC202B700927FB6 /* Release */ = {
			isa = XCBuildConfiguration;
			buildSettings = {
				ASSETCATALOG_COMPILER_APPICON_NAME = AppIcon;
				ASSETCATALOG_COMPILER_GLOBAL_ACCENT_COLOR_NAME = AccentColor;
				CODE_SIGN_STYLE = Automatic;
				CURRENT_PROJECT_VERSION = 1;
				DEVELOPMENT_TEAM = F8U69W5MA6;
				GENERATE_INFOPLIST_FILE = YES;
				INFOPLIST_FILE = RickAndMortyApp/Support/Info.plist;
				INFOPLIST_KEY_UIApplicationSupportsIndirectInputEvents = YES;
				INFOPLIST_KEY_UILaunchStoryboardName = LaunchScreen;
				INFOPLIST_KEY_UISupportedInterfaceOrientations_iPad = "UIInterfaceOrientationPortrait UIInterfaceOrientationPortraitUpsideDown UIInterfaceOrientationLandscapeLeft UIInterfaceOrientationLandscapeRight";
				INFOPLIST_KEY_UISupportedInterfaceOrientations_iPhone = "UIInterfaceOrientationPortrait UIInterfaceOrientationLandscapeLeft UIInterfaceOrientationLandscapeRight";
				LD_RUNPATH_SEARCH_PATHS = (
					"$(inherited)",
					"@executable_path/Frameworks",
				);
				MARKETING_VERSION = 1.0;
				PRODUCT_BUNDLE_IDENTIFIER = com.abdulkerimcan.RickAndMortyApp;
				PRODUCT_NAME = "$(TARGET_NAME)";
				SWIFT_EMIT_LOC_STRINGS = YES;
				SWIFT_VERSION = 5.0;
				TARGETED_DEVICE_FAMILY = "1,2";
			};
			name = Release;
		};
/* End XCBuildConfiguration section */

/* Begin XCConfigurationList section */
		0AEC98BA2AC202B600927FB6 /* Build configuration list for PBXProject "RickAndMortyApp" */ = {
			isa = XCConfigurationList;
			buildConfigurations = (
				0AEC98D12AC202B700927FB6 /* Debug */,
				0AEC98D22AC202B700927FB6 /* Release */,
			);
			defaultConfigurationIsVisible = 0;
			defaultConfigurationName = Release;
		};
		0AEC98D32AC202B700927FB6 /* Build configuration list for PBXNativeTarget "RickAndMortyApp" */ = {
			isa = XCConfigurationList;
			buildConfigurations = (
				0AEC98D42AC202B700927FB6 /* Debug */,
				0AEC98D52AC202B700927FB6 /* Release */,
			);
			defaultConfigurationIsVisible = 0;
			defaultConfigurationName = Release;
		};
/* End XCConfigurationList section */

/* Begin XCRemoteSwiftPackageReference section */
		0A955A6C2AC37D030064D6AA /* XCRemoteSwiftPackageReference "Alamofire" */ = {
			isa = XCRemoteSwiftPackageReference;
			repositoryURL = "https://github.com/Alamofire/Alamofire.git";
			requirement = {
				kind = upToNextMajorVersion;
				minimumVersion = 5.0.0;
			};
		};
		0A955A6F2AC37D270064D6AA /* XCRemoteSwiftPackageReference "AlamofireImage" */ = {
			isa = XCRemoteSwiftPackageReference;
			repositoryURL = "https://github.com/Alamofire/AlamofireImage.git";
			requirement = {
				kind = upToNextMajorVersion;
				minimumVersion = 4.0.0;
			};
		};
		0ADDF3222AC2DF3700C8A4A5 /* XCRemoteSwiftPackageReference "SnapKit" */ = {
			isa = XCRemoteSwiftPackageReference;
			repositoryURL = "https://github.com/SnapKit/SnapKit.git";
			requirement = {
				kind = upToNextMajorVersion;
				minimumVersion = 5.0.0;
			};
		};
/* End XCRemoteSwiftPackageReference section */

/* Begin XCSwiftPackageProductDependency section */
		0A955A6D2AC37D030064D6AA /* Alamofire */ = {
			isa = XCSwiftPackageProductDependency;
			package = 0A955A6C2AC37D030064D6AA /* XCRemoteSwiftPackageReference "Alamofire" */;
			productName = Alamofire;
		};
		0A955A702AC37D270064D6AA /* AlamofireImage */ = {
			isa = XCSwiftPackageProductDependency;
			package = 0A955A6F2AC37D270064D6AA /* XCRemoteSwiftPackageReference "AlamofireImage" */;
			productName = AlamofireImage;
		};
		0ADDF3232AC2DF3700C8A4A5 /* SnapKit */ = {
			isa = XCSwiftPackageProductDependency;
			package = 0ADDF3222AC2DF3700C8A4A5 /* XCRemoteSwiftPackageReference "SnapKit" */;
			productName = SnapKit;
		};
/* End XCSwiftPackageProductDependency section */
	};
	rootObject = 0AEC98B72AC202B600927FB6 /* Project object */;
}
